
Microsoft Visual Studio Solution File, Format Version 12.00
# Visual Studio Version 17
VisualStudioVersion = 17.4.33110.190
MinimumVisualStudioVersion = 10.0.40219.1
Project("{FAE04EC0-301F-11D3-BF4B-00C04F79EFBC}") = "ProcessPowerPointTemplate", "ProcessPowerPointTemplate.csproj", "{8BFD9FBA-6A3C-402F-AD9D-B1144C7ABD20}"
EndProject
Global
	GlobalSection(SolutionConfigurationPlatforms) = preSolution
		Debug|Any CPU = Debug|Any CPU
		Release|Any CPU = Release|Any CPU
	EndGlobalSection
	GlobalSection(ProjectConfigurationPlatforms) = postSolution
		{8BFD9FBA-6A3C-402F-AD9D-B1144C7ABD20}.Debug|Any CPU.ActiveCfg = Debug|Any CPU
		{8BFD9FBA-6A3C-402F-AD9D-B1144C7ABD20}.Debug|Any CPU.Build.0 = Debug|Any CPU
		{8BFD9FBA-6A3C-402F-AD9D-B1144C7ABD20}.Release|Any CPU.ActiveCfg = Release|Any CPU
		{8BFD9FBA-6A3C-402F-AD9D-B1144C7ABD20}.Release|Any CPU.Build.0 = Release|Any CPU
	EndGlobalSection
	GlobalSection(SolutionProperties) = preSolution
		HideSolutionNode = FALSE
	EndGlobalSection
	GlobalSection(ExtensibilityGlobals) = postSolution
		SolutionGuid = {07CA53B2-C637-47F6-9348-DA7491D60BB9}
	EndGlobalSection
EndGlobal
